{
  "name": "convertheic",
  "version": "1.0.0",
  "lockfileVersion": 3,
  "requires": true,
  "packages": {
    "": {
      "name": "convertheic",
      "version": "1.0.0",
      "license": "ISC",
      "dependencies": {
        "fs-extra": "^11.1.1",
        "heic-convert": "^1.2.4"
      }
    },
    "node_modules/fs-extra": {
      "version": "11.1.1",
      "resolved": "https://registry.npmjs.org/fs-extra/-/fs-extra-11.1.1.tgz",
      "integrity": "sha512-MGIE4HOvQCeUCzmlHs0vXpih4ysz4wg9qiSAu6cd42lVwPbTM1TjV7RusoyQqMmk/95gdQZX72u+YW+c3eEpFQ==",
      "dependencies": {
        "graceful-fs": "^4.2.0",
        "jsonfile": "^6.0.1",
        "universalify": "^2.0.0"
      },
      "engines": {
        "node": ">=14.14"
      }
    },
    "node_modules/graceful-fs": {
      "version": "4.2.11",
      "resolved": "https://registry.npmjs.org/graceful-fs/-/graceful-fs-4.2.11.tgz",
      "integrity": "sha512-RbJ5/jmFcNNCcDV5o9eTnBLJ/HszWV0P73bc+Ff4nS/rJj+YaS6IGyiOL0VoBYX+l1Wrl3k63h/KrH+nhJ0XvQ=="
    },
    "node_modules/heic-convert": {
      "version": "1.2.4",
      "resolved": "https://registry.npmjs.org/heic-convert/-/heic-convert-1.2.4.tgz",
      "integrity": "sha512-klJHyv+BqbgKiCQvCqI9IKIvweCcohDuDl0Jphearj8+16+v8eff2piVevHqq4dW9TK0r1onTR6PKHP1I4hdbA==",
      "dependencies": {
        "heic-decode": "^1.1.2",
        "jpeg-js": "^0.4.1",
        "pngjs": "^3.4.0"
      },
      "engines": {
        "node": ">=8.0.0"
      }
    },
    "node_modules/heic-decode": {
      "version": "1.1.2",
      "resolved": "https://registry.npmjs.org/heic-decode/-/heic-decode-1.1.2.tgz",
      "integrity": "sha512-UF8teegxvzQPdSTcx5frIUhitNDliz/9Pui0JFdIqVRE00spVE33DcCYtZqaLNyd4y5RP/QQWZFIc1YWVKKm2A==",
      "dependencies": {
        "libheif-js": "^1.10.0"
      },
      "engines": {
        "node": ">=8.0.0"
      }
    },
    "node_modules/jpeg-js": {
      "version": "0.4.4",
      "resolved": "https://registry.npmjs.org/jpeg-js/-/jpeg-js-0.4.4.tgz",
      "integrity": "sha512-WZzeDOEtTOBK4Mdsar0IqEU5sMr3vSV2RqkAIzUEV2BHnUfKGyswWFPFwK5EeDo93K3FohSHbLAjj0s1Wzd+dg=="
    },
    "node_modules/jsonfile": {
      "version": "6.1.0",
      "resolved": "https://registry.npmjs.org/jsonfile/-/jsonfile-6.1.0.tgz",
      "integrity": "sha512-5dgndWOriYSm5cnYaJNhalLNDKOqFwyDB/rr1E9ZsGciGvKPs8R2xYGCacuf3z6K1YKDz182fd+fY3cn3pMqXQ==",
      "dependencies": {
        "universalify": "^2.0.0"
      },
      "optionalDependencies": {
        "graceful-fs": "^4.1.6"
      }
    },
    "node_modules/libheif-js": {
      "version": "1.15.1",
      "resolved": "https://registry.npmjs.org/libheif-js/-/libheif-js-1.15.1.tgz",
      "integrity": "sha512-1nIVY1IFYLglxHPuLMqMBpjx4wigEEUVnSj2d3pRzeOjzKetwXlVejHJJgomZwEARu0PZ3HeGOW7ID/hZr13cg==",
      "engines": {
        "node": ">=8.0.0"
      }
    },
    "node_modules/pngjs": {
      "version": "3.4.0",
      "resolved": "https://registry.npmjs.org/pngjs/-/pngjs-3.4.0.tgz",
      "integrity": "sha512-NCrCHhWmnQklfH4MtJMRjZ2a8c80qXeMlQMv2uVp9ISJMTt562SbGd6n2oq0PaPgKm7Z6pL9E2UlLIhC+SHL3w==",
      "engines": {
        "node": ">=4.0.0"
      }
    },
    "node_modules/universalify": {
      "version": "2.0.0",
      "resolved": "https://registry.npmjs.org/universalify/-/universalify-2.0.0.tgz",
      "integrity": "sha512-hAZsKq7Yy11Zu1DE0OzWjw7nnLZmJZYTDZZyEFHZdUhV8FkH5MCfoU1XMaxXovpyW5nq5scPqq0ZDP9Zyl04oQ==",
      "engines": {
        "node": ">= 10.0.0"
      }
    }
  }
}
